
Microsoft Visual Studio Solution File, Format Version 12.00
# Visual Studio Version 17
VisualStudioVersion = 17.10.35027.167
MinimumVisualStudioVersion = 10.0.40219.1
Project("{9A19103F-16F7-4668-BE54-9A1E7A4F7556}") = "ASP.NET_CORE_Project#1", "ASP.NET_CORE_Project#1\ASP.NET_CORE_Project#1.csproj", "{CE2542D9-4EA6-4CC5-8F3D-35E668B85E4A}"
EndProject
Project("{9A19103F-16F7-4668-BE54-9A1E7A4F7556}") = "TestProject1", "TestProject1\TestProject1.csproj", "{9E1AC129-0FC9-4613-98C9-46B9BE075D8A}"
EndProject
Global
	GlobalSection(SolutionConfigurationPlatforms) = preSolution
		Debug|Any CPU = Debug|Any CPU
		Release|Any CPU = Release|Any CPU
	EndGlobalSection
	GlobalSection(ProjectConfigurationPlatforms) = postSolution
		{CE2542D9-4EA6-4CC5-8F3D-35E668B85E4A}.Debug|Any CPU.ActiveCfg = Debug|Any CPU
		{CE2542D9-4EA6-4CC5-8F3D-35E668B85E4A}.Debug|Any CPU.Build.0 = Debug|Any CPU
		{CE2542D9-4EA6-4CC5-8F3D-35E668B85E4A}.Release|Any CPU.ActiveCfg = Release|Any CPU
		{CE2542D9-4EA6-4CC5-8F3D-35E668B85E4A}.Release|Any CPU.Build.0 = Release|Any CPU
		{9E1AC129-0FC9-4613-98C9-46B9BE075D8A}.Debug|Any CPU.ActiveCfg = Debug|Any CPU
		{9E1AC129-0FC9-4613-98C9-46B9BE075D8A}.Debug|Any CPU.Build.0 = Debug|Any CPU
		{9E1AC129-0FC9-4613-98C9-46B9BE075D8A}.Release|Any CPU.ActiveCfg = Release|Any CPU
		{9E1AC129-0FC9-4613-98C9-46B9BE075D8A}.Release|Any CPU.Build.0 = Release|Any CPU
	EndGlobalSection
	GlobalSection(SolutionProperties) = preSolution
		HideSolutionNode = FALSE
	EndGlobalSection
	GlobalSection(ExtensibilityGlobals) = postSolution
		SolutionGuid = {32C96EAB-7498-4C99-BAE2-F26D191DC221}
	EndGlobalSection
EndGlobal
